
Microsoft Visual Studio Solution File, Format Version 12.00
# Visual Studio Version 17
VisualStudioVersion = 17.14.36414.22
MinimumVisualStudioVersion = 10.0.40219.1
Project("{FAE04EC0-301F-11D3-BF4B-00C04F79EFBC}") = "UpdateServer", "UpdateServer\UpdateServer.csproj", "{3F77C540-312A-4960-A373-F03CD7930AC9}"
EndProject
Global
	GlobalSection(SolutionConfigurationPlatforms) = preSolution
		Debug|Any CPU = Debug|Any CPU
		Release|Any CPU = Release|Any CPU
	EndGlobalSection
	GlobalSection(ProjectConfigurationPlatforms) = postSolution
		{3F77C540-312A-4960-A373-F03CD7930AC9}.Debug|Any CPU.ActiveCfg = Debug|Any CPU
		{3F77C540-312A-4960-A373-F03CD7930AC9}.Debug|Any CPU.Build.0 = Debug|Any CPU
		{3F77C540-312A-4960-A373-F03CD7930AC9}.Release|Any CPU.ActiveCfg = Release|Any CPU
		{3F77C540-312A-4960-A373-F03CD7930AC9}.Release|Any CPU.Build.0 = Release|Any CPU
	EndGlobalSection
	GlobalSection(SolutionProperties) = preSolution
		HideSolutionNode = FALSE
	EndGlobalSection
	GlobalSection(ExtensibilityGlobals) = postSolution
		SolutionGuid = {602C0449-2A23-40E7-B51F-26F8C6B05D8F}
	EndGlobalSection
EndGlobal
