
Microsoft Visual Studio Solution File, Format Version 12.00
# Visual Studio Version 17
VisualStudioVersion = 17.14.36414.22 d17.14
MinimumVisualStudioVersion = 10.0.40219.1
Project("{FAE04EC0-301F-11D3-BF4B-00C04F79EFBC}") = "UpdaterReplacer", "UpdaterReplacer\UpdaterReplacer.csproj", "{6C7B750A-6D6A-4D8B-926A-2C78749F220B}"
EndProject
Global
	GlobalSection(SolutionConfigurationPlatforms) = preSolution
		Debug|Any CPU = Debug|Any CPU
		Release|Any CPU = Release|Any CPU
	EndGlobalSection
	GlobalSection(ProjectConfigurationPlatforms) = postSolution
		{6C7B750A-6D6A-4D8B-926A-2C78749F220B}.Debug|Any CPU.ActiveCfg = Debug|Any CPU
		{6C7B750A-6D6A-4D8B-926A-2C78749F220B}.Debug|Any CPU.Build.0 = Debug|Any CPU
		{6C7B750A-6D6A-4D8B-926A-2C78749F220B}.Release|Any CPU.ActiveCfg = Release|Any CPU
		{6C7B750A-6D6A-4D8B-926A-2C78749F220B}.Release|Any CPU.Build.0 = Release|Any CPU
	EndGlobalSection
	GlobalSection(SolutionProperties) = preSolution
		HideSolutionNode = FALSE
	EndGlobalSection
	GlobalSection(ExtensibilityGlobals) = postSolution
		SolutionGuid = {F678C98B-1AAD-4BEA-9D5E-ED1AD89FCAB2}
	EndGlobalSection
EndGlobal
