
Microsoft Visual Studio Solution File, Format Version 12.00
# Visual Studio Version 17
VisualStudioVersion = 17.14.36414.22 d17.14
MinimumVisualStudioVersion = 10.0.40219.1
Project("{FAE04EC0-301F-11D3-BF4B-00C04F79EFBC}") = "AutoUpdater", "AutoUpdater\AutoUpdater.csproj", "{6A4579AB-4428-4A21-8055-D6D0C0DAB496}"
EndProject
Global
	GlobalSection(SolutionConfigurationPlatforms) = preSolution
		Debug|Any CPU = Debug|Any CPU
		Release|Any CPU = Release|Any CPU
	EndGlobalSection
	GlobalSection(ProjectConfigurationPlatforms) = postSolution
		{6A4579AB-4428-4A21-8055-D6D0C0DAB496}.Debug|Any CPU.ActiveCfg = Debug|Any CPU
		{6A4579AB-4428-4A21-8055-D6D0C0DAB496}.Debug|Any CPU.Build.0 = Debug|Any CPU
		{6A4579AB-4428-4A21-8055-D6D0C0DAB496}.Release|Any CPU.ActiveCfg = Release|Any CPU
		{6A4579AB-4428-4A21-8055-D6D0C0DAB496}.Release|Any CPU.Build.0 = Release|Any CPU
	EndGlobalSection
	GlobalSection(SolutionProperties) = preSolution
		HideSolutionNode = FALSE
	EndGlobalSection
	GlobalSection(ExtensibilityGlobals) = postSolution
		SolutionGuid = {986DDDBF-CAC3-4FDB-9A6F-516A79E4EBAB}
	EndGlobalSection
EndGlobal
